[{<<"foil">>,
  {git,"https://github.com/lpgauth/foil.git",
       {ref,"b55c30ff8b21daf89a85d1565d4b836c7f9e549b"}},
  0},
 {<<"granderl">>,{pkg,<<"granderl">>,<<"0.1.5">>},1},
 {<<"lz4">>,
  {git,"https://github.com/lpgauth/erlang-lz4.git",
       {ref,"0572b0ea2aab83ec8cdd1526aaa5e7622fd6aee5"}},
  0},
 {<<"metal">>,{pkg,<<"metal">>,<<"0.1.1">>},1},
 {<<"murmur">>,
  {git,"https://github.com/lpgauth/murmur.git",
       {ref,"709445d213514ab1121fb67329dca945ffb11599"}},
  0},
 {<<"shackle">>,
  {git,"https://github.com/lpgauth/shackle.git",
       {ref,"58f4adb067e677512b3a2af43c445734a4aeec64"}},
  0}].
